
Microsoft Visual Studio Solution File, Format Version 12.00
# Visual Studio Version 16
VisualStudioVersion = 16.0.30413.136
MinimumVisualStudioVersion = 10.0.40219.1
Project("{FAE04EC0-301F-11D3-BF4B-00C04F79EFBC}") = "VendingMachineApp", "VendingMachineApp.csproj", "{978AC4AE-849C-4973-A5D4-7498F7035BD6}"
EndProject
Global
	GlobalSection(SolutionConfigurationPlatforms) = preSolution
		Debug|Any CPU = Debug|Any CPU
		Release|Any CPU = Release|Any CPU
	EndGlobalSection
	GlobalSection(ProjectConfigurationPlatforms) = postSolution
		{978AC4AE-849C-4973-A5D4-7498F7035BD6}.Debug|Any CPU.ActiveCfg = Debug|Any CPU
		{978AC4AE-849C-4973-A5D4-7498F7035BD6}.Debug|Any CPU.Build.0 = Debug|Any CPU
		{978AC4AE-849C-4973-A5D4-7498F7035BD6}.Release|Any CPU.ActiveCfg = Release|Any CPU
		{978AC4AE-849C-4973-A5D4-7498F7035BD6}.Release|Any CPU.Build.0 = Release|Any CPU
	EndGlobalSection
	GlobalSection(SolutionProperties) = preSolution
		HideSolutionNode = FALSE
	EndGlobalSection
	GlobalSection(ExtensibilityGlobals) = postSolution
		SolutionGuid = {2C242690-4A8D-4E52-A33F-B7FBD410A2CD}
	EndGlobalSection
EndGlobal
